
Microsoft Visual Studio Solution File, Format Version 12.00
# Visual Studio 14
VisualStudioVersion = 14.0.25123.0
MinimumVisualStudioVersion = 10.0.40219.1
Project("{FAE04EC0-301F-11D3-BF4B-00C04F79EFBC}") = "ExampleAggregateRoot", "ExampleAggregateRoot.csproj", "{2D7AE53D-1CD2-45BE-AE5C-5B3DCF8F77D2}"
EndProject
Project("{FAE04EC0-301F-11D3-BF4B-00C04F79EFBC}") = "DomainEventInfrastructure", "..\domaineventinfrastructure\DomainEventInfrastructure\DomainEventInfrastructure.csproj", "{6A15D00F-804C-42F5-8228-8A24EDD97195}"
EndProject
Global
	GlobalSection(SolutionConfigurationPlatforms) = preSolution
		Debug|Any CPU = Debug|Any CPU
		Release|Any CPU = Release|Any CPU
	EndGlobalSection
	GlobalSection(ProjectConfigurationPlatforms) = postSolution
		{2D7AE53D-1CD2-45BE-AE5C-5B3DCF8F77D2}.Debug|Any CPU.ActiveCfg = Debug|Any CPU
		{2D7AE53D-1CD2-45BE-AE5C-5B3DCF8F77D2}.Debug|Any CPU.Build.0 = Debug|Any CPU
		{2D7AE53D-1CD2-45BE-AE5C-5B3DCF8F77D2}.Release|Any CPU.ActiveCfg = Release|Any CPU
		{2D7AE53D-1CD2-45BE-AE5C-5B3DCF8F77D2}.Release|Any CPU.Build.0 = Release|Any CPU
		{6A15D00F-804C-42F5-8228-8A24EDD97195}.Debug|Any CPU.ActiveCfg = Debug|Any CPU
		{6A15D00F-804C-42F5-8228-8A24EDD97195}.Debug|Any CPU.Build.0 = Debug|Any CPU
		{6A15D00F-804C-42F5-8228-8A24EDD97195}.Release|Any CPU.ActiveCfg = Release|Any CPU
		{6A15D00F-804C-42F5-8228-8A24EDD97195}.Release|Any CPU.Build.0 = Release|Any CPU
	EndGlobalSection
	GlobalSection(SolutionProperties) = preSolution
		HideSolutionNode = FALSE
	EndGlobalSection
EndGlobal
