
Microsoft Visual Studio Solution File, Format Version 12.00
# Visual Studio 14
VisualStudioVersion = 14.0.25123.0
MinimumVisualStudioVersion = 10.0.40219.1
Project("{FAE04EC0-301F-11D3-BF4B-00C04F79EFBC}") = "WebApplication4", "WebApplication4\WebApplication4.csproj", "{CA9BD1D5-C77E-4621-BC26-03B9781E1B54}"
EndProject
Global
	GlobalSection(SolutionConfigurationPlatforms) = preSolution
		Debug|Any CPU = Debug|Any CPU
		Release|Any CPU = Release|Any CPU
	EndGlobalSection
	GlobalSection(ProjectConfigurationPlatforms) = postSolution
		{CA9BD1D5-C77E-4621-BC26-03B9781E1B54}.Debug|Any CPU.ActiveCfg = Debug|Any CPU
		{CA9BD1D5-C77E-4621-BC26-03B9781E1B54}.Debug|Any CPU.Build.0 = Debug|Any CPU
		{CA9BD1D5-C77E-4621-BC26-03B9781E1B54}.Release|Any CPU.ActiveCfg = Release|Any CPU
		{CA9BD1D5-C77E-4621-BC26-03B9781E1B54}.Release|Any CPU.Build.0 = Release|Any CPU
	EndGlobalSection
	GlobalSection(SolutionProperties) = preSolution
		HideSolutionNode = FALSE
	EndGlobalSection
EndGlobal
